
Microsoft Visual Studio Solution File, Format Version 12.00
# Visual Studio Version 16
VisualStudioVersion = 16.0.30011.22
MinimumVisualStudioVersion = 10.0.40219.1
Project("{8BC9CEB8-8B4A-11D0-8D11-00A0C91BC942}") = "[17] Cubemap_Skybox", "[17] Cubemap_Skybox.vcxproj", "{7D5E66A1-AF42-4105-AD51-283C88572F8E}"
EndProject
Global
	GlobalSection(SolutionConfigurationPlatforms) = preSolution
		Debug|x64 = Debug|x64
		Debug|x86 = Debug|x86
		Release|x64 = Release|x64
		Release|x86 = Release|x86
	EndGlobalSection
	GlobalSection(ProjectConfigurationPlatforms) = postSolution
		{7D5E66A1-AF42-4105-AD51-283C88572F8E}.Debug|x64.ActiveCfg = Debug|x64
		{7D5E66A1-AF42-4105-AD51-283C88572F8E}.Debug|x64.Build.0 = Debug|x64
		{7D5E66A1-AF42-4105-AD51-283C88572F8E}.Debug|x86.ActiveCfg = Debug|Win32
		{7D5E66A1-AF42-4105-AD51-283C88572F8E}.Debug|x86.Build.0 = Debug|Win32
		{7D5E66A1-AF42-4105-AD51-283C88572F8E}.Release|x64.ActiveCfg = Release|x64
		{7D5E66A1-AF42-4105-AD51-283C88572F8E}.Release|x64.Build.0 = Release|x64
		{7D5E66A1-AF42-4105-AD51-283C88572F8E}.Release|x86.ActiveCfg = Release|Win32
		{7D5E66A1-AF42-4105-AD51-283C88572F8E}.Release|x86.Build.0 = Release|Win32
	EndGlobalSection
	GlobalSection(SolutionProperties) = preSolution
		HideSolutionNode = FALSE
	EndGlobalSection
	GlobalSection(ExtensibilityGlobals) = postSolution
		SolutionGuid = {96809053-5F9D-4683-B25D-4515ECF9FCAE}
	EndGlobalSection
EndGlobal
